
Microsoft Visual Studio Solution File, Format Version 12.00
# Visual Studio Version 17
VisualStudioVersion = 17.6.33723.286
MinimumVisualStudioVersion = 10.0.40219.1
Project("{2150E333-8FDC-42A3-9474-1A3956D46DE8}") = "Src", "Src", "{A3DB36E7-FCD8-401E-B2B3-2271FB2B2AF2}"
EndProject
Project("{2150E333-8FDC-42A3-9474-1A3956D46DE8}") = "Solution Items", "Solution Items", "{4D99C898-A5D7-4C5A-BAC1-86A10F229B4C}"
	ProjectSection(SolutionItems) = preProject
		ServiceUrls.txt = ServiceUrls.txt
	EndProjectSection
EndProject
Project("{2150E333-8FDC-42A3-9474-1A3956D46DE8}") = "ApiGateways", "ApiGateways", "{E09D56D8-A150-484E-98DF-119BB36007E8}"
EndProject
Project("{2150E333-8FDC-42A3-9474-1A3956D46DE8}") = "BuildingBlocks", "BuildingBlocks", "{CEB3959A-206B-4041-8568-968B63736C1E}"
EndProject
Project("{2150E333-8FDC-42A3-9474-1A3956D46DE8}") = "Services", "Services", "{15F726A6-1164-4B5D-BEAE-0EEBA823C802}"
EndProject
Project("{2150E333-8FDC-42A3-9474-1A3956D46DE8}") = "Clients", "Clients", "{05F1C897-99B9-4295-A640-83DF4024729E}"
EndProject
Project("{2150E333-8FDC-42A3-9474-1A3956D46DE8}") = "WebApiGateway", "WebApiGateway", "{ABC035ED-3138-49FB-B46D-5DD303D019F4}"
EndProject
Project("{9A19103F-16F7-4668-BE54-9A1E7A4F7556}") = "Web.ApiGateway", "src\ApiGateways\WebApiGateway\Web.ApiGateway\Web.ApiGateway.csproj", "{71531CC4-D982-463E-A80F-D1E609B9365F}"
EndProject
Project("{2150E333-8FDC-42A3-9474-1A3956D46DE8}") = "EventBus", "EventBus", "{84BA40C7-92B2-47DA-8E60-3B6462472587}"
EndProject
Project("{9A19103F-16F7-4668-BE54-9A1E7A4F7556}") = "EventBus.Base", "src\BuildingBlocks\EventBus\EventBus.Base\EventBus.Base.csproj", "{4D620FA0-09FD-4D18-859A-0CBC1F7F220F}"
EndProject
Project("{9A19103F-16F7-4668-BE54-9A1E7A4F7556}") = "EventBus-Factory", "src\BuildingBlocks\EventBus\EventBus-Factory\EventBus-Factory.csproj", "{575E61BD-FCF7-4BC0-B29A-582C4558BD46}"
EndProject
Project("{9A19103F-16F7-4668-BE54-9A1E7A4F7556}") = "EventBus.AzureServiceBus", "src\BuildingBlocks\EventBus\EventBus.AzureServiceBus\EventBus.AzureServiceBus.csproj", "{4A583191-8CAF-46AE-8C02-B25FCAD3041D}"
EndProject
Project("{9A19103F-16F7-4668-BE54-9A1E7A4F7556}") = "EventBus.RabbitMQ", "src\BuildingBlocks\EventBus\EventBus.RabbitMQ\EventBus.RabbitMQ.csproj", "{48961C4D-D432-4FC9-9B45-A44EB3CFB541}"
EndProject
Project("{9A19103F-16F7-4668-BE54-9A1E7A4F7556}") = "WebApp", "src\Clients\BlazorWebApp\WebApp\WebApp.csproj", "{F4ABC1DD-55A0-48F2-9683-1770FA39401B}"
EndProject
Project("{2150E333-8FDC-42A3-9474-1A3956D46DE8}") = "BasketService", "BasketService", "{A1720917-92C0-4B3A-8EAB-664B77CC6E49}"
EndProject
Project("{9A19103F-16F7-4668-BE54-9A1E7A4F7556}") = "BasektService.Api", "src\Services\BasketService\BasektService.Api\BasektService.Api.csproj", "{3AEF7FFE-3B5F-4E7F-81FA-094A1E0BBEB3}"
EndProject
Project("{2150E333-8FDC-42A3-9474-1A3956D46DE8}") = "CatalogService", "CatalogService", "{CDC5690A-41C2-4AE8-9916-FF9AD70D0947}"
EndProject
Project("{9A19103F-16F7-4668-BE54-9A1E7A4F7556}") = "CatalogService.Api", "src\Services\CatalogService\CatalogService.Api\CatalogService.Api.csproj", "{6C9B881D-B586-4153-B0BB-03796212326E}"
EndProject
Project("{2150E333-8FDC-42A3-9474-1A3956D46DE8}") = "IdentityService", "IdentityService", "{85712B0D-7B23-4E51-B7CE-A9FF35B12993}"
EndProject
Project("{9A19103F-16F7-4668-BE54-9A1E7A4F7556}") = "IdentityService.Api", "src\Services\IdentityService\IdentityService.Api\IdentityService.Api.csproj", "{4FE7FA36-A8DD-4563-A7C0-7624FF48091C}"
EndProject
Project("{2150E333-8FDC-42A3-9474-1A3956D46DE8}") = "NotificationService", "NotificationService", "{9283CCBD-2EFB-497B-A480-0B0E76597517}"
EndProject
Project("{9A19103F-16F7-4668-BE54-9A1E7A4F7556}") = "NotificationService", "src\Services\NotificationService\NotificationService\NotificationService.csproj", "{BA8F1EEB-3022-40C2-911C-64D317E41B01}"
EndProject
Project("{2150E333-8FDC-42A3-9474-1A3956D46DE8}") = "OrderService", "OrderService", "{C5A28EC3-8CAD-47FB-B618-B8AF3537E55B}"
EndProject
Project("{9A19103F-16F7-4668-BE54-9A1E7A4F7556}") = "OrderService.Domain", "src\Services\OrderService\OrderService.Domain\OrderService.Domain.csproj", "{D39EA8A8-FB47-4348-9BBF-6C7AEF9BCB52}"
EndProject
Project("{9A19103F-16F7-4668-BE54-9A1E7A4F7556}") = "OrderService.Application", "src\Services\OrderService\OrderService.Application\OrderService.Application.csproj", "{750C9714-E68D-4BD0-A7CB-C892DD1B547B}"
EndProject
Project("{9A19103F-16F7-4668-BE54-9A1E7A4F7556}") = "OrderService.Infrastructure", "src\Services\OrderService\OrderService.Infrastructure\OrderService.Infrastructure.csproj", "{5183B8BF-F56D-436E-999D-1B46412600D7}"
EndProject
Project("{9A19103F-16F7-4668-BE54-9A1E7A4F7556}") = "OrderService.Api", "src\Services\OrderService\OrderService.Api\OrderService.Api.csproj", "{C0EB4DAB-3C71-4F3D-993A-9A2C992CB1C9}"
EndProject
Project("{2150E333-8FDC-42A3-9474-1A3956D46DE8}") = "PaymentService", "PaymentService", "{23C367B1-38B0-4DAA-96DA-0114E0A1D855}"
EndProject
Project("{9A19103F-16F7-4668-BE54-9A1E7A4F7556}") = "PaymentService.Api", "src\Services\PaymentService\PaymentService.Api\PaymentService.Api.csproj", "{3A2749BA-628B-41D3-90E6-451C3CE7B9DC}"
EndProject
Project("{2150E333-8FDC-42A3-9474-1A3956D46DE8}") = "tests", "tests", "{D90314E5-0A37-499D-9A75-5497DD90A6C8}"
EndProject
Project("{2150E333-8FDC-42A3-9474-1A3956D46DE8}") = "BuildingBlocks", "BuildingBlocks", "{3113109D-70B1-4A33-A043-C6E6E1439481}"
EndProject
Project("{FAE04EC0-301F-11D3-BF4B-00C04F79EFBC}") = "EventBus.UnitTest", "src\tests\BuildingBlocks\EventBus.UnitTest\EventBus.UnitTest.csproj", "{13D95824-6507-49F7-A7E7-D9E390FD5553}"
EndProject
Global
	GlobalSection(SolutionConfigurationPlatforms) = preSolution
		Debug|Any CPU = Debug|Any CPU
		Release|Any CPU = Release|Any CPU
	EndGlobalSection
	GlobalSection(ProjectConfigurationPlatforms) = postSolution
		{71531CC4-D982-463E-A80F-D1E609B9365F}.Debug|Any CPU.ActiveCfg = Debug|Any CPU
		{71531CC4-D982-463E-A80F-D1E609B9365F}.Debug|Any CPU.Build.0 = Debug|Any CPU
		{71531CC4-D982-463E-A80F-D1E609B9365F}.Release|Any CPU.ActiveCfg = Release|Any CPU
		{71531CC4-D982-463E-A80F-D1E609B9365F}.Release|Any CPU.Build.0 = Release|Any CPU
		{4D620FA0-09FD-4D18-859A-0CBC1F7F220F}.Debug|Any CPU.ActiveCfg = Debug|Any CPU
		{4D620FA0-09FD-4D18-859A-0CBC1F7F220F}.Debug|Any CPU.Build.0 = Debug|Any CPU
		{4D620FA0-09FD-4D18-859A-0CBC1F7F220F}.Release|Any CPU.ActiveCfg = Release|Any CPU
		{4D620FA0-09FD-4D18-859A-0CBC1F7F220F}.Release|Any CPU.Build.0 = Release|Any CPU
		{575E61BD-FCF7-4BC0-B29A-582C4558BD46}.Debug|Any CPU.ActiveCfg = Debug|Any CPU
		{575E61BD-FCF7-4BC0-B29A-582C4558BD46}.Debug|Any CPU.Build.0 = Debug|Any CPU
		{575E61BD-FCF7-4BC0-B29A-582C4558BD46}.Release|Any CPU.ActiveCfg = Release|Any CPU
		{575E61BD-FCF7-4BC0-B29A-582C4558BD46}.Release|Any CPU.Build.0 = Release|Any CPU
		{4A583191-8CAF-46AE-8C02-B25FCAD3041D}.Debug|Any CPU.ActiveCfg = Debug|Any CPU
		{4A583191-8CAF-46AE-8C02-B25FCAD3041D}.Debug|Any CPU.Build.0 = Debug|Any CPU
		{4A583191-8CAF-46AE-8C02-B25FCAD3041D}.Release|Any CPU.ActiveCfg = Release|Any CPU
		{4A583191-8CAF-46AE-8C02-B25FCAD3041D}.Release|Any CPU.Build.0 = Release|Any CPU
		{48961C4D-D432-4FC9-9B45-A44EB3CFB541}.Debug|Any CPU.ActiveCfg = Debug|Any CPU
		{48961C4D-D432-4FC9-9B45-A44EB3CFB541}.Debug|Any CPU.Build.0 = Debug|Any CPU
		{48961C4D-D432-4FC9-9B45-A44EB3CFB541}.Release|Any CPU.ActiveCfg = Release|Any CPU
		{48961C4D-D432-4FC9-9B45-A44EB3CFB541}.Release|Any CPU.Build.0 = Release|Any CPU
		{F4ABC1DD-55A0-48F2-9683-1770FA39401B}.Debug|Any CPU.ActiveCfg = Debug|Any CPU
		{F4ABC1DD-55A0-48F2-9683-1770FA39401B}.Debug|Any CPU.Build.0 = Debug|Any CPU
		{F4ABC1DD-55A0-48F2-9683-1770FA39401B}.Release|Any CPU.ActiveCfg = Release|Any CPU
		{F4ABC1DD-55A0-48F2-9683-1770FA39401B}.Release|Any CPU.Build.0 = Release|Any CPU
		{3AEF7FFE-3B5F-4E7F-81FA-094A1E0BBEB3}.Debug|Any CPU.ActiveCfg = Debug|Any CPU
		{3AEF7FFE-3B5F-4E7F-81FA-094A1E0BBEB3}.Debug|Any CPU.Build.0 = Debug|Any CPU
		{3AEF7FFE-3B5F-4E7F-81FA-094A1E0BBEB3}.Release|Any CPU.ActiveCfg = Release|Any CPU
		{3AEF7FFE-3B5F-4E7F-81FA-094A1E0BBEB3}.Release|Any CPU.Build.0 = Release|Any CPU
		{6C9B881D-B586-4153-B0BB-03796212326E}.Debug|Any CPU.ActiveCfg = Debug|Any CPU
		{6C9B881D-B586-4153-B0BB-03796212326E}.Debug|Any CPU.Build.0 = Debug|Any CPU
		{6C9B881D-B586-4153-B0BB-03796212326E}.Release|Any CPU.ActiveCfg = Release|Any CPU
		{6C9B881D-B586-4153-B0BB-03796212326E}.Release|Any CPU.Build.0 = Release|Any CPU
		{4FE7FA36-A8DD-4563-A7C0-7624FF48091C}.Debug|Any CPU.ActiveCfg = Debug|Any CPU
		{4FE7FA36-A8DD-4563-A7C0-7624FF48091C}.Debug|Any CPU.Build.0 = Debug|Any CPU
		{4FE7FA36-A8DD-4563-A7C0-7624FF48091C}.Release|Any CPU.ActiveCfg = Release|Any CPU
		{4FE7FA36-A8DD-4563-A7C0-7624FF48091C}.Release|Any CPU.Build.0 = Release|Any CPU
		{BA8F1EEB-3022-40C2-911C-64D317E41B01}.Debug|Any CPU.ActiveCfg = Debug|Any CPU
		{BA8F1EEB-3022-40C2-911C-64D317E41B01}.Debug|Any CPU.Build.0 = Debug|Any CPU
		{BA8F1EEB-3022-40C2-911C-64D317E41B01}.Release|Any CPU.ActiveCfg = Release|Any CPU
		{BA8F1EEB-3022-40C2-911C-64D317E41B01}.Release|Any CPU.Build.0 = Release|Any CPU
		{D39EA8A8-FB47-4348-9BBF-6C7AEF9BCB52}.Debug|Any CPU.ActiveCfg = Debug|Any CPU
		{D39EA8A8-FB47-4348-9BBF-6C7AEF9BCB52}.Debug|Any CPU.Build.0 = Debug|Any CPU
		{D39EA8A8-FB47-4348-9BBF-6C7AEF9BCB52}.Release|Any CPU.ActiveCfg = Release|Any CPU
		{D39EA8A8-FB47-4348-9BBF-6C7AEF9BCB52}.Release|Any CPU.Build.0 = Release|Any CPU
		{750C9714-E68D-4BD0-A7CB-C892DD1B547B}.Debug|Any CPU.ActiveCfg = Debug|Any CPU
		{750C9714-E68D-4BD0-A7CB-C892DD1B547B}.Debug|Any CPU.Build.0 = Debug|Any CPU
		{750C9714-E68D-4BD0-A7CB-C892DD1B547B}.Release|Any CPU.ActiveCfg = Release|Any CPU
		{750C9714-E68D-4BD0-A7CB-C892DD1B547B}.Release|Any CPU.Build.0 = Release|Any CPU
		{5183B8BF-F56D-436E-999D-1B46412600D7}.Debug|Any CPU.ActiveCfg = Debug|Any CPU
		{5183B8BF-F56D-436E-999D-1B46412600D7}.Debug|Any CPU.Build.0 = Debug|Any CPU
		{5183B8BF-F56D-436E-999D-1B46412600D7}.Release|Any CPU.ActiveCfg = Release|Any CPU
		{5183B8BF-F56D-436E-999D-1B46412600D7}.Release|Any CPU.Build.0 = Release|Any CPU
		{C0EB4DAB-3C71-4F3D-993A-9A2C992CB1C9}.Debug|Any CPU.ActiveCfg = Debug|Any CPU
		{C0EB4DAB-3C71-4F3D-993A-9A2C992CB1C9}.Debug|Any CPU.Build.0 = Debug|Any CPU
		{C0EB4DAB-3C71-4F3D-993A-9A2C992CB1C9}.Release|Any CPU.ActiveCfg = Release|Any CPU
		{C0EB4DAB-3C71-4F3D-993A-9A2C992CB1C9}.Release|Any CPU.Build.0 = Release|Any CPU
		{3A2749BA-628B-41D3-90E6-451C3CE7B9DC}.Debug|Any CPU.ActiveCfg = Debug|Any CPU
		{3A2749BA-628B-41D3-90E6-451C3CE7B9DC}.Debug|Any CPU.Build.0 = Debug|Any CPU
		{3A2749BA-628B-41D3-90E6-451C3CE7B9DC}.Release|Any CPU.ActiveCfg = Release|Any CPU
		{3A2749BA-628B-41D3-90E6-451C3CE7B9DC}.Release|Any CPU.Build.0 = Release|Any CPU
		{13D95824-6507-49F7-A7E7-D9E390FD5553}.Debug|Any CPU.ActiveCfg = Debug|Any CPU
		{13D95824-6507-49F7-A7E7-D9E390FD5553}.Debug|Any CPU.Build.0 = Debug|Any CPU
		{13D95824-6507-49F7-A7E7-D9E390FD5553}.Release|Any CPU.ActiveCfg = Release|Any CPU
		{13D95824-6507-49F7-A7E7-D9E390FD5553}.Release|Any CPU.Build.0 = Release|Any CPU
	EndGlobalSection
	GlobalSection(SolutionProperties) = preSolution
		HideSolutionNode = FALSE
	EndGlobalSection
	GlobalSection(NestedProjects) = preSolution
		{E09D56D8-A150-484E-98DF-119BB36007E8} = {A3DB36E7-FCD8-401E-B2B3-2271FB2B2AF2}
		{CEB3959A-206B-4041-8568-968B63736C1E} = {A3DB36E7-FCD8-401E-B2B3-2271FB2B2AF2}
		{15F726A6-1164-4B5D-BEAE-0EEBA823C802} = {A3DB36E7-FCD8-401E-B2B3-2271FB2B2AF2}
		{05F1C897-99B9-4295-A640-83DF4024729E} = {A3DB36E7-FCD8-401E-B2B3-2271FB2B2AF2}
		{ABC035ED-3138-49FB-B46D-5DD303D019F4} = {E09D56D8-A150-484E-98DF-119BB36007E8}
		{71531CC4-D982-463E-A80F-D1E609B9365F} = {ABC035ED-3138-49FB-B46D-5DD303D019F4}
		{84BA40C7-92B2-47DA-8E60-3B6462472587} = {CEB3959A-206B-4041-8568-968B63736C1E}
		{4D620FA0-09FD-4D18-859A-0CBC1F7F220F} = {84BA40C7-92B2-47DA-8E60-3B6462472587}
		{575E61BD-FCF7-4BC0-B29A-582C4558BD46} = {84BA40C7-92B2-47DA-8E60-3B6462472587}
		{4A583191-8CAF-46AE-8C02-B25FCAD3041D} = {84BA40C7-92B2-47DA-8E60-3B6462472587}
		{48961C4D-D432-4FC9-9B45-A44EB3CFB541} = {84BA40C7-92B2-47DA-8E60-3B6462472587}
		{F4ABC1DD-55A0-48F2-9683-1770FA39401B} = {05F1C897-99B9-4295-A640-83DF4024729E}
		{A1720917-92C0-4B3A-8EAB-664B77CC6E49} = {15F726A6-1164-4B5D-BEAE-0EEBA823C802}
		{3AEF7FFE-3B5F-4E7F-81FA-094A1E0BBEB3} = {A1720917-92C0-4B3A-8EAB-664B77CC6E49}
		{CDC5690A-41C2-4AE8-9916-FF9AD70D0947} = {15F726A6-1164-4B5D-BEAE-0EEBA823C802}
		{6C9B881D-B586-4153-B0BB-03796212326E} = {CDC5690A-41C2-4AE8-9916-FF9AD70D0947}
		{85712B0D-7B23-4E51-B7CE-A9FF35B12993} = {15F726A6-1164-4B5D-BEAE-0EEBA823C802}
		{4FE7FA36-A8DD-4563-A7C0-7624FF48091C} = {85712B0D-7B23-4E51-B7CE-A9FF35B12993}
		{9283CCBD-2EFB-497B-A480-0B0E76597517} = {15F726A6-1164-4B5D-BEAE-0EEBA823C802}
		{BA8F1EEB-3022-40C2-911C-64D317E41B01} = {9283CCBD-2EFB-497B-A480-0B0E76597517}
		{C5A28EC3-8CAD-47FB-B618-B8AF3537E55B} = {15F726A6-1164-4B5D-BEAE-0EEBA823C802}
		{D39EA8A8-FB47-4348-9BBF-6C7AEF9BCB52} = {C5A28EC3-8CAD-47FB-B618-B8AF3537E55B}
		{750C9714-E68D-4BD0-A7CB-C892DD1B547B} = {C5A28EC3-8CAD-47FB-B618-B8AF3537E55B}
		{5183B8BF-F56D-436E-999D-1B46412600D7} = {C5A28EC3-8CAD-47FB-B618-B8AF3537E55B}
		{C0EB4DAB-3C71-4F3D-993A-9A2C992CB1C9} = {C5A28EC3-8CAD-47FB-B618-B8AF3537E55B}
		{23C367B1-38B0-4DAA-96DA-0114E0A1D855} = {15F726A6-1164-4B5D-BEAE-0EEBA823C802}
		{3A2749BA-628B-41D3-90E6-451C3CE7B9DC} = {23C367B1-38B0-4DAA-96DA-0114E0A1D855}
		{3113109D-70B1-4A33-A043-C6E6E1439481} = {D90314E5-0A37-499D-9A75-5497DD90A6C8}
		{13D95824-6507-49F7-A7E7-D9E390FD5553} = {3113109D-70B1-4A33-A043-C6E6E1439481}
	EndGlobalSection
	GlobalSection(ExtensibilityGlobals) = postSolution
		SolutionGuid = {E9D0E992-730D-4501-AEF6-DA6B8BA713A6}
	EndGlobalSection
EndGlobal
